PODS:
  - Gloss (2.0.1)
  - ObjcExceptionBridging (1.0.1):
    - ObjcExceptionBridging/ObjcExceptionBridging (= 1.0.1)
  - ObjcExceptionBridging/ObjcExceptionBridging (1.0.1)
  - PromiseKit (6.4.0):
    - PromiseKit/CorePromise (= 6.4.0)
    - PromiseKit/Foundation (= 6.4.0)
    - PromiseKit/UIKit (= 6.4.0)
  - PromiseKit/CorePromise (6.4.0)
  - PromiseKit/Foundation (6.4.0):
    - PromiseKit/CorePromise
  - PromiseKit/UIKit (6.4.0):
    - PromiseKit/CorePromise
  - Starscream (3.0.5)
  - SwiftyJSON (3.1.4)
  - XCGLogger (6.0.4):
    - XCGLogger/Core (= 6.0.4)
  - XCGLogger/Core (6.0.4):
    - ObjcExceptionBridging

DEPENDENCIES:
  - Gloss (~> 2.0)
  - PromiseKit (~> 6.3)
  - Starscream
  - SwiftyJSON (~> 3.1)
  - XCGLogger (~> 6.0)

SPEC REPOS:
  https://github.com/cocoapods/specs.git:
    - Gloss
    - ObjcExceptionBridging
    - PromiseKit
    - Starscream
    - SwiftyJSON
    - XCGLogger

SPEC CHECKSUMS:
  Gloss: 1e8743f8de1fbe14a97f220ff901cba91ae5f8f8
  ObjcExceptionBridging: c30e00eb3700467e695faeea30e26e18bd445001
  PromiseKit: ae3616f45d7bb9bf4ff1e91abc9b7a8c48a340e0
  Starscream: faf918b2f2eff7d5dd21180646bf015a669673bd
  SwiftyJSON: c2842d878f95482ffceec5709abc3d05680c0220
  XCGLogger: 4fc1bc0bdd5828cb8dc8da7a843536cda1bea8f3

PODFILE CHECKSUM: 7911cbf3962ec5988eb24c4f90fc8308c7b92ddb

COCOAPODS: 1.5.3
