PODS:
  - Gloss (2.0.0)
  - ObjcExceptionBridging (1.0.1):
    - ObjcExceptionBridging/ObjcExceptionBridging (= 1.0.1)
  - ObjcExceptionBridging/ObjcExceptionBridging (1.0.1)
  - PromiseKit (4.5.2):
    - PromiseKit/Foundation (= 4.5.2)
    - PromiseKit/QuartzCore (= 4.5.2)
    - PromiseKit/UIKit (= 4.5.2)
  - PromiseKit/CorePromise (4.5.2)
  - PromiseKit/Foundation (4.5.2):
    - PromiseKit/CorePromise
  - PromiseKit/QuartzCore (4.5.2):
    - PromiseKit/CorePromise
  - PromiseKit/UIKit (4.5.2):
    - PromiseKit/CorePromise
  - Starscream (2.0.3)
  - SwiftyJSON (3.1.4)
  - XCGLogger (5.0.1):
    - XCGLogger/Core (= 5.0.1)
  - XCGLogger/Core (5.0.1):
    - ObjcExceptionBridging

DEPENDENCIES:
  - Gloss (~> 2.0)
  - PromiseKit (~> 4.3)
  - Starscream
  - SwiftyJSON
  - XCGLogger (~> 5.0.1)

SPEC REPOS:
  https://github.com/cocoapods/specs.git:
    - Gloss
    - ObjcExceptionBridging
    - PromiseKit
    - Starscream
    - SwiftyJSON
    - XCGLogger

SPEC CHECKSUMS:
  Gloss: b67617f327406adfd47adf20172d00680a3a31bd
  ObjcExceptionBridging: c30e00eb3700467e695faeea30e26e18bd445001
  PromiseKit: 743e497a5f505a470d3bbbf4ce0663c1268af0a4
  Starscream: 3fdd5c277e57cca6b5c406d274e3f34a7c88f2ce
  SwiftyJSON: c2842d878f95482ffceec5709abc3d05680c0220
  XCGLogger: 0b43697155d41e4a1b15fc776f319c2141646b09

PODFILE CHECKSUM: 2f4db6545da6d10830f208a773b5e88a61423221

COCOAPODS: 1.5.3
